
Microsoft Visual Studio Solution File, Format Version 12.00
# Visual Studio Version 16
VisualStudioVersion = 16.0.29418.71
MinimumVisualStudioVersion = 10.0.40219.1
Project("{9A19103F-16F7-4668-BE54-9A1E7A4F7556}") = "story-generator", "story-generator\story-generator.csproj", "{8A839123-1EB7-4DDB-861D-E5FF1C166B24}"
EndProject
Project("{9A19103F-16F7-4668-BE54-9A1E7A4F7556}") = "generator-test", "generator-test\generator-test.csproj", "{637B433F-77D7-4892-9339-3D75CE6ABA49}"
EndProject
Global
	GlobalSection(SolutionConfigurationPlatforms) = preSolution
		Debug|x64 = Debug|x64
		Release|x64 = Release|x64
	EndGlobalSection
	GlobalSection(ProjectConfigurationPlatforms) = postSolution
		{8A839123-1EB7-4DDB-861D-E5FF1C166B24}.Debug|x64.ActiveCfg = Debug|x64
		{8A839123-1EB7-4DDB-861D-E5FF1C166B24}.Debug|x64.Build.0 = Debug|x64
		{8A839123-1EB7-4DDB-861D-E5FF1C166B24}.Release|x64.ActiveCfg = Release|x64
		{8A839123-1EB7-4DDB-861D-E5FF1C166B24}.Release|x64.Build.0 = Release|x64
		{637B433F-77D7-4892-9339-3D75CE6ABA49}.Debug|x64.ActiveCfg = Debug|x64
		{637B433F-77D7-4892-9339-3D75CE6ABA49}.Debug|x64.Build.0 = Debug|x64
		{637B433F-77D7-4892-9339-3D75CE6ABA49}.Release|x64.ActiveCfg = Release|x64
		{637B433F-77D7-4892-9339-3D75CE6ABA49}.Release|x64.Build.0 = Release|x64
	EndGlobalSection
	GlobalSection(SolutionProperties) = preSolution
		HideSolutionNode = FALSE
	EndGlobalSection
	GlobalSection(ExtensibilityGlobals) = postSolution
		SolutionGuid = {D348AC62-8B27-4C45-A0A8-833654F00B32}
	EndGlobalSection
EndGlobal
